
Microsoft Visual Studio Solution File, Format Version 12.00
# Visual Studio Version 17
VisualStudioVersion = 17.0.31903.59
MinimumVisualStudioVersion = 10.0.40219.1
Project("{FAE04EC0-301F-11D3-BF4B-00C04F79EFBC}") = "InsuranceAIPlatform.Api", "InsuranceAIPlatform.Api\InsuranceAIPlatform.Api.csproj", "{10A68CE3-1CD3-4BF9-BEB1-98E494AEA452}"
EndProject
Project("{FAE04EC0-301F-11D3-BF4B-00C04F79EFBC}") = "InsuranceAIPlatform.Tests", "InsuranceAIPlatform.Tests\InsuranceAIPlatform.Tests.csproj", "{1DF9D552-87B2-49C8-9A60-D2B7768ED99B}"
EndProject
Project("{FAE04EC0-301F-11D3-BF4B-00C04F79EFBC}") = "InsuranceAIPlatform.BuildingBlocks", "InsuranceAIPlatform.BuildingBlocks\InsuranceAIPlatform.BuildingBlocks.csproj", "{DEBD0D72-EDAE-4735-96D7-A0BF27F88233}"
EndProject
Project("{FAE04EC0-301F-11D3-BF4B-00C04F79EFBC}") = "InsuranceAIPlatform.Services.Claims", "InsuranceAIPlatform.Services.Claims\InsuranceAIPlatform.Services.Claims.csproj", "{55BA699C-AC36-490F-9F5F-EFF1F6286573}"
EndProject
Project("{FAE04EC0-301F-11D3-BF4B-00C04F79EFBC}") = "InsuranceAIPlatform.Services.CustomersPolicies", "InsuranceAIPlatform.Services.CustomersPolicies\InsuranceAIPlatform.Services.CustomersPolicies.csproj", "{18A1EA92-6DDB-4808-85F7-B1677F2D502D}"
EndProject
Project("{FAE04EC0-301F-11D3-BF4B-00C04F79EFBC}") = "InsuranceAIPlatform.Services.Documents", "InsuranceAIPlatform.Services.Documents\InsuranceAIPlatform.Services.Documents.csproj", "{FA912727-24F7-44B3-9DA5-9CFF22A86D46}"
EndProject
Project("{FAE04EC0-301F-11D3-BF4B-00C04F79EFBC}") = "InsuranceAIPlatform.Services.AiAnalysis", "InsuranceAIPlatform.Services.AiAnalysis\InsuranceAIPlatform.Services.AiAnalysis.csproj", "{6C49A261-B992-4617-ADCD-954FAB4D1083}"
EndProject
Project("{FAE04EC0-301F-11D3-BF4B-00C04F79EFBC}") = "InsuranceAIPlatform.Services.Approval", "InsuranceAIPlatform.Services.Approval\InsuranceAIPlatform.Services.Approval.csproj", "{2C300D27-EF97-4E9F-90AB-ACE07DFE9A31}"
EndProject
Project("{FAE04EC0-301F-11D3-BF4B-00C04F79EFBC}") = "InsuranceAIPlatform.Services.AuditCost", "InsuranceAIPlatform.Services.AuditCost\InsuranceAIPlatform.Services.AuditCost.csproj", "{BAA83C87-AF0D-4903-8EC0-69039E406DC9}"
EndProject
Global
	GlobalSection(SolutionConfigurationPlatforms) = preSolution
		Debug|Any CPU = Debug|Any CPU
		Debug|x64 = Debug|x64
		Debug|x86 = Debug|x86
		Release|Any CPU = Release|Any CPU
		Release|x64 = Release|x64
		Release|x86 = Release|x86
	EndGlobalSection
	GlobalSection(ProjectConfigurationPlatforms) = postSolution
		{10A68CE3-1CD3-4BF9-BEB1-98E494AEA452}.Debug|Any CPU.ActiveCfg = Debug|Any CPU
		{10A68CE3-1CD3-4BF9-BEB1-98E494AEA452}.Debug|Any CPU.Build.0 = Debug|Any CPU
		{10A68CE3-1CD3-4BF9-BEB1-98E494AEA452}.Debug|x64.ActiveCfg = Debug|Any CPU
		{10A68CE3-1CD3-4BF9-BEB1-98E494AEA452}.Debug|x64.Build.0 = Debug|Any CPU
		{10A68CE3-1CD3-4BF9-BEB1-98E494AEA452}.Debug|x86.ActiveCfg = Debug|Any CPU
		{10A68CE3-1CD3-4BF9-BEB1-98E494AEA452}.Debug|x86.Build.0 = Debug|Any CPU
		{10A68CE3-1CD3-4BF9-BEB1-98E494AEA452}.Release|Any CPU.ActiveCfg = Release|Any CPU
		{10A68CE3-1CD3-4BF9-BEB1-98E494AEA452}.Release|Any CPU.Build.0 = Release|Any CPU
		{10A68CE3-1CD3-4BF9-BEB1-98E494AEA452}.Release|x64.ActiveCfg = Release|Any CPU
		{10A68CE3-1CD3-4BF9-BEB1-98E494AEA452}.Release|x64.Build.0 = Release|Any CPU
		{10A68CE3-1CD3-4BF9-BEB1-98E494AEA452}.Release|x86.ActiveCfg = Release|Any CPU
		{10A68CE3-1CD3-4BF9-BEB1-98E494AEA452}.Release|x86.Build.0 = Release|Any CPU
		{1DF9D552-87B2-49C8-9A60-D2B7768ED99B}.Debug|Any CPU.ActiveCfg = Debug|Any CPU
		{1DF9D552-87B2-49C8-9A60-D2B7768ED99B}.Debug|Any CPU.Build.0 = Debug|Any CPU
		{1DF9D552-87B2-49C8-9A60-D2B7768ED99B}.Debug|x64.ActiveCfg = Debug|Any CPU
		{1DF9D552-87B2-49C8-9A60-D2B7768ED99B}.Debug|x64.Build.0 = Debug|Any CPU
		{1DF9D552-87B2-49C8-9A60-D2B7768ED99B}.Debug|x86.ActiveCfg = Debug|Any CPU
		{1DF9D552-87B2-49C8-9A60-D2B7768ED99B}.Debug|x86.Build.0 = Debug|Any CPU
		{1DF9D552-87B2-49C8-9A60-D2B7768ED99B}.Release|Any CPU.ActiveCfg = Release|Any CPU
		{1DF9D552-87B2-49C8-9A60-D2B7768ED99B}.Release|Any CPU.Build.0 = Release|Any CPU
		{1DF9D552-87B2-49C8-9A60-D2B7768ED99B}.Release|x64.ActiveCfg = Release|Any CPU
		{1DF9D552-87B2-49C8-9A60-D2B7768ED99B}.Release|x64.Build.0 = Release|Any CPU
		{1DF9D552-87B2-49C8-9A60-D2B7768ED99B}.Release|x86.ActiveCfg = Release|Any CPU
		{1DF9D552-87B2-49C8-9A60-D2B7768ED99B}.Release|x86.Build.0 = Release|Any CPU
		{DEBD0D72-EDAE-4735-96D7-A0BF27F88233}.Debug|Any CPU.ActiveCfg = Debug|Any CPU
		{DEBD0D72-EDAE-4735-96D7-A0BF27F88233}.Debug|Any CPU.Build.0 = Debug|Any CPU
		{DEBD0D72-EDAE-4735-96D7-A0BF27F88233}.Debug|x64.ActiveCfg = Debug|Any CPU
		{DEBD0D72-EDAE-4735-96D7-A0BF27F88233}.Debug|x64.Build.0 = Debug|Any CPU
		{DEBD0D72-EDAE-4735-96D7-A0BF27F88233}.Debug|x86.ActiveCfg = Debug|Any CPU
		{DEBD0D72-EDAE-4735-96D7-A0BF27F88233}.Debug|x86.Build.0 = Debug|Any CPU
		{DEBD0D72-EDAE-4735-96D7-A0BF27F88233}.Release|Any CPU.ActiveCfg = Release|Any CPU
		{DEBD0D72-EDAE-4735-96D7-A0BF27F88233}.Release|Any CPU.Build.0 = Release|Any CPU
		{DEBD0D72-EDAE-4735-96D7-A0BF27F88233}.Release|x64.ActiveCfg = Release|Any CPU
		{DEBD0D72-EDAE-4735-96D7-A0BF27F88233}.Release|x64.Build.0 = Release|Any CPU
		{DEBD0D72-EDAE-4735-96D7-A0BF27F88233}.Release|x86.ActiveCfg = Release|Any CPU
		{DEBD0D72-EDAE-4735-96D7-A0BF27F88233}.Release|x86.Build.0 = Release|Any CPU
		{55BA699C-AC36-490F-9F5F-EFF1F6286573}.Debug|Any CPU.ActiveCfg = Debug|Any CPU
		{55BA699C-AC36-490F-9F5F-EFF1F6286573}.Debug|Any CPU.Build.0 = Debug|Any CPU
		{55BA699C-AC36-490F-9F5F-EFF1F6286573}.Debug|x64.ActiveCfg = Debug|Any CPU
		{55BA699C-AC36-490F-9F5F-EFF1F6286573}.Debug|x64.Build.0 = Debug|Any CPU
		{55BA699C-AC36-490F-9F5F-EFF1F6286573}.Debug|x86.ActiveCfg = Debug|Any CPU
		{55BA699C-AC36-490F-9F5F-EFF1F6286573}.Debug|x86.Build.0 = Debug|Any CPU
		{55BA699C-AC36-490F-9F5F-EFF1F6286573}.Release|Any CPU.ActiveCfg = Release|Any CPU
		{55BA699C-AC36-490F-9F5F-EFF1F6286573}.Release|Any CPU.Build.0 = Release|Any CPU
		{55BA699C-AC36-490F-9F5F-EFF1F6286573}.Release|x64.ActiveCfg = Release|Any CPU
		{55BA699C-AC36-490F-9F5F-EFF1F6286573}.Release|x64.Build.0 = Release|Any CPU
		{55BA699C-AC36-490F-9F5F-EFF1F6286573}.Release|x86.ActiveCfg = Release|Any CPU
		{55BA699C-AC36-490F-9F5F-EFF1F6286573}.Release|x86.Build.0 = Release|Any CPU
		{18A1EA92-6DDB-4808-85F7-B1677F2D502D}.Debug|Any CPU.ActiveCfg = Debug|Any CPU
		{18A1EA92-6DDB-4808-85F7-B1677F2D502D}.Debug|Any CPU.Build.0 = Debug|Any CPU
		{18A1EA92-6DDB-4808-85F7-B1677F2D502D}.Debug|x64.ActiveCfg = Debug|Any CPU
		{18A1EA92-6DDB-4808-85F7-B1677F2D502D}.Debug|x64.Build.0 = Debug|Any CPU
		{18A1EA92-6DDB-4808-85F7-B1677F2D502D}.Debug|x86.ActiveCfg = Debug|Any CPU
		{18A1EA92-6DDB-4808-85F7-B1677F2D502D}.Debug|x86.Build.0 = Debug|Any CPU
		{18A1EA92-6DDB-4808-85F7-B1677F2D502D}.Release|Any CPU.ActiveCfg = Release|Any CPU
		{18A1EA92-6DDB-4808-85F7-B1677F2D502D}.Release|Any CPU.Build.0 = Release|Any CPU
		{18A1EA92-6DDB-4808-85F7-B1677F2D502D}.Release|x64.ActiveCfg = Release|Any CPU
		{18A1EA92-6DDB-4808-85F7-B1677F2D502D}.Release|x64.Build.0 = Release|Any CPU
		{18A1EA92-6DDB-4808-85F7-B1677F2D502D}.Release|x86.ActiveCfg = Release|Any CPU
		{18A1EA92-6DDB-4808-85F7-B1677F2D502D}.Release|x86.Build.0 = Release|Any CPU
		{FA912727-24F7-44B3-9DA5-9CFF22A86D46}.Debug|Any CPU.ActiveCfg = Debug|Any CPU
		{FA912727-24F7-44B3-9DA5-9CFF22A86D46}.Debug|Any CPU.Build.0 = Debug|Any CPU
		{FA912727-24F7-44B3-9DA5-9CFF22A86D46}.Debug|x64.ActiveCfg = Debug|Any CPU
		{FA912727-24F7-44B3-9DA5-9CFF22A86D46}.Debug|x64.Build.0 = Debug|Any CPU
		{FA912727-24F7-44B3-9DA5-9CFF22A86D46}.Debug|x86.ActiveCfg = Debug|Any CPU
		{FA912727-24F7-44B3-9DA5-9CFF22A86D46}.Debug|x86.Build.0 = Debug|Any CPU
		{FA912727-24F7-44B3-9DA5-9CFF22A86D46}.Release|Any CPU.ActiveCfg = Release|Any CPU
		{FA912727-24F7-44B3-9DA5-9CFF22A86D46}.Release|Any CPU.Build.0 = Release|Any CPU
		{FA912727-24F7-44B3-9DA5-9CFF22A86D46}.Release|x64.ActiveCfg = Release|Any CPU
		{FA912727-24F7-44B3-9DA5-9CFF22A86D46}.Release|x64.Build.0 = Release|Any CPU
		{FA912727-24F7-44B3-9DA5-9CFF22A86D46}.Release|x86.ActiveCfg = Release|Any CPU
		{FA912727-24F7-44B3-9DA5-9CFF22A86D46}.Release|x86.Build.0 = Release|Any CPU
		{6C49A261-B992-4617-ADCD-954FAB4D1083}.Debug|Any CPU.ActiveCfg = Debug|Any CPU
		{6C49A261-B992-4617-ADCD-954FAB4D1083}.Debug|Any CPU.Build.0 = Debug|Any CPU
		{6C49A261-B992-4617-ADCD-954FAB4D1083}.Debug|x64.ActiveCfg = Debug|Any CPU
		{6C49A261-B992-4617-ADCD-954FAB4D1083}.Debug|x64.Build.0 = Debug|Any CPU
		{6C49A261-B992-4617-ADCD-954FAB4D1083}.Debug|x86.ActiveCfg = Debug|Any CPU
		{6C49A261-B992-4617-ADCD-954FAB4D1083}.Debug|x86.Build.0 = Debug|Any CPU
		{6C49A261-B992-4617-ADCD-954FAB4D1083}.Release|Any CPU.ActiveCfg = Release|Any CPU
		{6C49A261-B992-4617-ADCD-954FAB4D1083}.Release|Any CPU.Build.0 = Release|Any CPU
		{6C49A261-B992-4617-ADCD-954FAB4D1083}.Release|x64.ActiveCfg = Release|Any CPU
		{6C49A261-B992-4617-ADCD-954FAB4D1083}.Release|x64.Build.0 = Release|Any CPU
		{6C49A261-B992-4617-ADCD-954FAB4D1083}.Release|x86.ActiveCfg = Release|Any CPU
		{6C49A261-B992-4617-ADCD-954FAB4D1083}.Release|x86.Build.0 = Release|Any CPU
		{2C300D27-EF97-4E9F-90AB-ACE07DFE9A31}.Debug|Any CPU.ActiveCfg = Debug|Any CPU
		{2C300D27-EF97-4E9F-90AB-ACE07DFE9A31}.Debug|Any CPU.Build.0 = Debug|Any CPU
		{2C300D27-EF97-4E9F-90AB-ACE07DFE9A31}.Debug|x64.ActiveCfg = Debug|Any CPU
		{2C300D27-EF97-4E9F-90AB-ACE07DFE9A31}.Debug|x64.Build.0 = Debug|Any CPU
		{2C300D27-EF97-4E9F-90AB-ACE07DFE9A31}.Debug|x86.ActiveCfg = Debug|Any CPU
		{2C300D27-EF97-4E9F-90AB-ACE07DFE9A31}.Debug|x86.Build.0 = Debug|Any CPU
		{2C300D27-EF97-4E9F-90AB-ACE07DFE9A31}.Release|Any CPU.ActiveCfg = Release|Any CPU
		{2C300D27-EF97-4E9F-90AB-ACE07DFE9A31}.Release|Any CPU.Build.0 = Release|Any CPU
		{2C300D27-EF97-4E9F-90AB-ACE07DFE9A31}.Release|x64.ActiveCfg = Release|Any CPU
		{2C300D27-EF97-4E9F-90AB-ACE07DFE9A31}.Release|x64.Build.0 = Release|Any CPU
		{2C300D27-EF97-4E9F-90AB-ACE07DFE9A31}.Release|x86.ActiveCfg = Release|Any CPU
		{2C300D27-EF97-4E9F-90AB-ACE07DFE9A31}.Release|x86.Build.0 = Release|Any CPU
		{BAA83C87-AF0D-4903-8EC0-69039E406DC9}.Debug|Any CPU.ActiveCfg = Debug|Any CPU
		{BAA83C87-AF0D-4903-8EC0-69039E406DC9}.Debug|Any CPU.Build.0 = Debug|Any CPU
		{BAA83C87-AF0D-4903-8EC0-69039E406DC9}.Debug|x64.ActiveCfg = Debug|Any CPU
		{BAA83C87-AF0D-4903-8EC0-69039E406DC9}.Debug|x64.Build.0 = Debug|Any CPU
		{BAA83C87-AF0D-4903-8EC0-69039E406DC9}.Debug|x86.ActiveCfg = Debug|Any CPU
		{BAA83C87-AF0D-4903-8EC0-69039E406DC9}.Debug|x86.Build.0 = Debug|Any CPU
		{BAA83C87-AF0D-4903-8EC0-69039E406DC9}.Release|Any CPU.ActiveCfg = Release|Any CPU
		{BAA83C87-AF0D-4903-8EC0-69039E406DC9}.Release|Any CPU.Build.0 = Release|Any CPU
		{BAA83C87-AF0D-4903-8EC0-69039E406DC9}.Release|x64.ActiveCfg = Release|Any CPU
		{BAA83C87-AF0D-4903-8EC0-69039E406DC9}.Release|x64.Build.0 = Release|Any CPU
		{BAA83C87-AF0D-4903-8EC0-69039E406DC9}.Release|x86.ActiveCfg = Release|Any CPU
		{BAA83C87-AF0D-4903-8EC0-69039E406DC9}.Release|x86.Build.0 = Release|Any CPU
	EndGlobalSection
	GlobalSection(SolutionProperties) = preSolution
		HideSolutionNode = FALSE
	EndGlobalSection
EndGlobal
